# THIS IS AN AUTOGENERATED FILE. DO NOT EDIT THIS FILE DIRECTLY.
# yarn lockfile v1


"@tanstack/query-core@5.18.1":
  version "5.18.1"
  resolved "https://registry.yarnpkg.com/@tanstack/query-core/-/query-core-5.18.1.tgz#b653ee354b7f4712d53565ccc5c6d8fb83ec866c"
  integrity sha512-fYhrG7bHgSNbnkIJF2R4VUXb4lF7EBiQjKkDc5wOlB7usdQOIN4LxxHpDxyE3qjqIst1WBGvDtL48T0sHJGKCw==

"@tanstack/react-query@^5.18.1":
  version "5.18.1"
  resolved "https://registry.yarnpkg.com/@tanstack/react-query/-/react-query-5.18.1.tgz#fd4e7b87260e82c5277355ad64f0e431a9302e02"
  integrity sha512-PdI07BbsahZ+04PxSuDQsQvBWe008eWFk/YYWzt8fvzt2sALUM0TpAJa/DFpqa7+SSo7j1EQR6Jx6znXNHyaXw==
  dependencies:
    "@tanstack/query-core" "5.18.1"
